<?xml version="1.0" encoding="utf-8"?>
<Project ToolsVersion="4.0" xmlns="http://schemas.microsoft.com/developer/msbuild/2003">
  <ItemGroup>
    <Filter Include="ソース ファイル">
      <UniqueIdentifier>{4FC737F1-C7A5-4376-A066-2A32D752A2FF}</UniqueIdentifier>
      <Extensions>cpp;c;cc;cxx;c++;cppm;ixx;def;odl;idl;hpj;bat;asm;asmx</Extensions>
    </Filter>
    <Filter Include="ヘッダー ファイル">
      <UniqueIdentifier>{93995380-89BD-4b04-88EB-625FBE52EBFB}</UniqueIdentifier>
      <Extensions>h;hh;hpp;hxx;h++;hm;inl;inc;ipp;xsd</Extensions>
    </Filter>
    <Filter Include="リソース ファイル">
      <UniqueIdentifier>{67DA6AB6-F800-4c08-8B7A-83BB121AAD01}</UniqueIdentifier>
      <Extensions>rc;ico;cur;bmp;dlg;rc2;rct;bin;rgs;gif;jpg;jpeg;jpe;resx;tiff;tif;png;wav;mfcribbon-ms</Extensions>
    </Filter>
  </ItemGroup>
  <ItemGroup>
    <ClInclude Include="ViewerTest.h">
      <Filter>ヘッダー ファイル</Filter>
    </ClInclude>
    <ClInclude Include="framework.h">
      <Filter>ヘッダー ファイル</Filter>
    </ClInclude>
    <ClInclude Include="targetver.h">
      <Filter>ヘッダー ファイル</Filter>
    </ClInclude>
    <ClInclude Include="MainFrm.h">
      <Filter>ヘッダー ファイル</Filter>
    </ClInclude>
    <ClInclude Include="ViewerTestDoc.h">
      <Filter>ヘッダー ファイル</Filter>
    </ClInclude>
    <ClInclude Include="ViewerTestView.h">
      <Filter>ヘッダー ファイル</Filter>
    </ClInclude>
    <ClInclude Include="Resource.h">
      <Filter>ヘッダー ファイル</Filter>
    </ClInclude>
    <ClInclude Include="pch.h">
      <Filter>ヘッダー ファイル</Filter>
    </ClInclude>
    <ClInclude Include="..\PDFSpec\res\PDFSpecResource.h">
      <Filter>ヘッダー ファイル</Filter>
    </ClInclude>
  </ItemGroup>
  <ItemGroup>
    <ClCompile Include="ViewerTest.cpp">
      <Filter>ソース ファイル</Filter>
    </ClCompile>
    <ClCompile Include="MainFrm.cpp">
      <Filter>ソース ファイル</Filter>
    </ClCompile>
    <ClCompile Include="ViewerTestDoc.cpp">
      <Filter>ソース ファイル</Filter>
    </ClCompile>
    <ClCompile Include="ViewerTestView.cpp">
      <Filter>ソース ファイル</Filter>
    </ClCompile>
    <ClCompile Include="pch.cpp">
      <Filter>ソース ファイル</Filter>
    </ClCompile>
  </ItemGroup>
  <ItemGroup>
    <ResourceCompile Include="ViewerTest.rc">
      <Filter>リソース ファイル</Filter>
    </ResourceCompile>
    <ResourceCompile Include="..\PDFSpec\res\PDFSpecResource.rc">
      <Filter>リソース ファイル</Filter>
    </ResourceCompile>
  </ItemGroup>
  <ItemGroup>
    <None Include="res\ViewerTest.rc2">
      <Filter>リソース ファイル</Filter>
    </None>
    <None Include="..\PDFSpec\res\zoomin.cur">
      <Filter>リソース ファイル</Filter>
    </None>
    <None Include="..\PDFSpec\res\zoomout.cur">
      <Filter>リソース ファイル</Filter>
    </None>
    <None Include="..\PDFSpec\res\zoom.cur">
      <Filter>リソース ファイル</Filter>
    </None>
  </ItemGroup>
  <ItemGroup>
    <Image Include="res\ViewerTestDoc.ico">
      <Filter>リソース ファイル</Filter>
    </Image>
    <Image Include="res\ViewerTest.ico">
      <Filter>リソース ファイル</Filter>
    </Image>
    <Image Include="..\PDFSpec\res\magbtn.bmp">
      <Filter>リソース ファイル</Filter>
    </Image>
    <Image Include="..\PDFSpec\res\movebtn.bmp">
      <Filter>リソース ファイル</Filter>
    </Image>
    <Image Include="..\PDFSpec\res\next.bmp">
      <Filter>リソース ファイル</Filter>
    </Image>
    <Image Include="..\PDFSpec\res\prev.bmp">
      <Filter>リソース ファイル</Filter>
    </Image>
    <Image Include="..\PDFSpec\res\zoomval.bmp">
      <Filter>リソース ファイル</Filter>
    </Image>
    <Image Include="..\PDFSpec\res\disp.bmp">
      <Filter>リソース ファイル</Filter>
    </Image>
    <Image Include="..\PDFSpec\res\mask10.bmp">
      <Filter>リソース ファイル</Filter>
    </Image>
    <Image Include="..\PDFSpec\res\mask50.bmp">
      <Filter>リソース ファイル</Filter>
    </Image>
    <Image Include="..\PDFSpec\res\prt.bmp">
      <Filter>リソース ファイル</Filter>
    </Image>
    <Image Include="..\PDFSpec\res\magbtnactive.bmp">
      <Filter>リソース ファイル</Filter>
    </Image>
    <Image Include="..\PDFSpec\res\movebtnactive.bmp">
      <Filter>リソース ファイル</Filter>
    </Image>
    <Image Include="..\PDFSpec\res\about.bmp">
      <Filter>リソース ファイル</Filter>
    </Image>
  </ItemGroup>
</Project>