<?xml version="1.0" encoding="utf-8"?>
<Project ToolsVersion="4.0" xmlns="http://schemas.microsoft.com/developer/msbuild/2003">
  <ItemGroup>
    <Filter Include="Source Files">
      <UniqueIdentifier>{f8200dea-a241-483d-953f-8470e47a5f08}</UniqueIdentifier>
    </Filter>
  </ItemGroup>
  <ItemGroup>
    <ClCompile Include="C:\Proj\PDF4Ax\poppler\poppler\Annot.cc">
      <Filter>Source Files</Filter>
    </ClCompile>
    <ClCompile Include="C:\Proj\PDF4Ax\poppler\poppler\Array.cc">
      <Filter>Source Files</Filter>
    </ClCompile>
    <ClCompile Include="C:\Proj\PDF4Ax\poppler\poppler\BuiltinFont.cc">
      <Filter>Source Files</Filter>
    </ClCompile>
    <ClCompile Include="C:\Proj\PDF4Ax\poppler\poppler\BuiltinFontTables.cc">
      <Filter>Source Files</Filter>
    </ClCompile>
    <ClCompile Include="C:\Proj\PDF4Ax\poppler\poppler\CachedFile.cc">
      <Filter>Source Files</Filter>
    </ClCompile>
    <ClCompile Include="C:\Proj\PDF4Ax\poppler\poppler\Catalog.cc">
      <Filter>Source Files</Filter>
    </ClCompile>
    <ClCompile Include="C:\Proj\PDF4Ax\poppler\poppler\CharCodeToUnicode.cc">
      <Filter>Source Files</Filter>
    </ClCompile>
    <ClCompile Include="C:\Proj\PDF4Ax\poppler\poppler\CMap.cc">
      <Filter>Source Files</Filter>
    </ClCompile>
    <ClCompile Include="C:\Proj\PDF4Ax\poppler\poppler\DateInfo.cc">
      <Filter>Source Files</Filter>
    </ClCompile>
    <ClCompile Include="C:\Proj\PDF4Ax\poppler\poppler\DCTStream.cc">
      <Filter>Source Files</Filter>
    </ClCompile>
    <ClCompile Include="C:\Proj\PDF4Ax\poppler\poppler\Decrypt.cc">
      <Filter>Source Files</Filter>
    </ClCompile>
    <ClCompile Include="C:\Proj\PDF4Ax\poppler\poppler\Dict.cc">
      <Filter>Source Files</Filter>
    </ClCompile>
    <ClCompile Include="C:\Proj\PDF4Ax\poppler\poppler\Error.cc">
      <Filter>Source Files</Filter>
    </ClCompile>
    <ClCompile Include="C:\Proj\PDF4Ax\poppler\poppler\FileSpec.cc">
      <Filter>Source Files</Filter>
    </ClCompile>
    <ClCompile Include="C:\Proj\PDF4Ax\poppler\goo\FixedPoint.cc">
      <Filter>Source Files</Filter>
    </ClCompile>
    <ClCompile Include="C:\Proj\PDF4Ax\poppler\poppler\FlateStream.cc">
      <Filter>Source Files</Filter>
    </ClCompile>
    <ClCompile Include="C:\Proj\PDF4Ax\poppler\fofi\FoFiBase.cc">
      <Filter>Source Files</Filter>
    </ClCompile>
    <ClCompile Include="C:\Proj\PDF4Ax\poppler\fofi\FoFiEncodings.cc">
      <Filter>Source Files</Filter>
    </ClCompile>
    <ClCompile Include="C:\Proj\PDF4Ax\poppler\fofi\FoFiTrueType.cc">
      <Filter>Source Files</Filter>
    </ClCompile>
    <ClCompile Include="C:\Proj\PDF4Ax\poppler\fofi\FoFiType1.cc">
      <Filter>Source Files</Filter>
    </ClCompile>
    <ClCompile Include="C:\Proj\PDF4Ax\poppler\fofi\FoFiType1C.cc">
      <Filter>Source Files</Filter>
    </ClCompile>
    <ClCompile Include="C:\Proj\PDF4Ax\poppler\poppler\FontEncodingTables.cc">
      <Filter>Source Files</Filter>
    </ClCompile>
    <ClCompile Include="C:\Proj\PDF4Ax\poppler\poppler\FontInfo.cc">
      <Filter>Source Files</Filter>
    </ClCompile>
    <ClCompile Include="C:\Proj\PDF4Ax\poppler\poppler\Form.cc">
      <Filter>Source Files</Filter>
    </ClCompile>
    <ClCompile Include="C:\Proj\PDF4Ax\poppler\poppler\Function.cc">
      <Filter>Source Files</Filter>
    </ClCompile>
    <ClCompile Include="C:\Proj\PDF4Ax\poppler\goo\gfile.cc">
      <Filter>Source Files</Filter>
    </ClCompile>
    <ClCompile Include="C:\Proj\PDF4Ax\poppler\poppler\Gfx.cc">
      <Filter>Source Files</Filter>
    </ClCompile>
    <ClCompile Include="C:\Proj\PDF4Ax\poppler\poppler\GfxFont.cc">
      <Filter>Source Files</Filter>
    </ClCompile>
    <ClCompile Include="C:\Proj\PDF4Ax\poppler\poppler\GfxState.cc">
      <Filter>Source Files</Filter>
    </ClCompile>
    <ClCompile Include="C:\Proj\PDF4Ax\poppler\poppler\GlobalParams.cc">
      <Filter>Source Files</Filter>
    </ClCompile>
    <ClCompile Include="C:\Proj\PDF4Ax\poppler\goo\gmem.cc">
      <Filter>Source Files</Filter>
    </ClCompile>
    <ClCompile Include="C:\Proj\PDF4Ax\poppler\goo\gmempp.cc">
      <Filter>Source Files</Filter>
    </ClCompile>
    <ClCompile Include="C:\Proj\PDF4Ax\poppler\goo\GooHash.cc">
      <Filter>Source Files</Filter>
    </ClCompile>
    <ClCompile Include="C:\Proj\PDF4Ax\poppler\goo\GooList.cc">
      <Filter>Source Files</Filter>
    </ClCompile>
    <ClCompile Include="C:\Proj\PDF4Ax\poppler\goo\GooString.cc">
      <Filter>Source Files</Filter>
    </ClCompile>
    <ClCompile Include="C:\Proj\PDF4Ax\poppler\goo\GooTimer.cc">
      <Filter>Source Files</Filter>
    </ClCompile>
    <ClCompile Include="C:\Proj\PDF4Ax\poppler\goo\gstrtod.cc">
      <Filter>Source Files</Filter>
    </ClCompile>
    <ClCompile Include="C:\Proj\PDF4Ax\poppler\poppler\Hints.cc">
      <Filter>Source Files</Filter>
    </ClCompile>
    <ClCompile Include="C:\Proj\PDF4Ax\poppler\goo\ImgWriter.cc">
      <Filter>Source Files</Filter>
    </ClCompile>
    <ClCompile Include="C:\Proj\PDF4Ax\poppler\poppler\JArithmeticDecoder.cc">
      <Filter>Source Files</Filter>
    </ClCompile>
    <ClCompile Include="C:\Proj\PDF4Ax\poppler\poppler\JBIG2Stream.cc">
      <Filter>Source Files</Filter>
    </ClCompile>
    <ClCompile Include="C:\Proj\PDF4Ax\poppler\goo\JpegWriter.cc">
      <Filter>Source Files</Filter>
    </ClCompile>
    <ClCompile Include="C:\Proj\PDF4Ax\poppler\poppler\JPXStream.cc">
      <Filter>Source Files</Filter>
    </ClCompile>
    <ClCompile Include="C:\Proj\PDF4Ax\poppler\poppler\Lexer.cc">
      <Filter>Source Files</Filter>
    </ClCompile>
    <ClCompile Include="C:\Proj\PDF4Ax\poppler\poppler\Linearization.cc">
      <Filter>Source Files</Filter>
    </ClCompile>
    <ClCompile Include="C:\Proj\PDF4Ax\poppler\poppler\Link.cc">
      <Filter>Source Files</Filter>
    </ClCompile>
    <ClCompile Include="C:\Proj\PDF4Ax\poppler\poppler\LocalPDFDocBuilder.cc">
      <Filter>Source Files</Filter>
    </ClCompile>
    <ClCompile Include="C:\Proj\PDF4Ax\poppler\poppler\Movie.cc">
      <Filter>Source Files</Filter>
    </ClCompile>
    <ClCompile Include="C:\Proj\PDF4Ax\poppler\poppler\NameToCharCode.cc">
      <Filter>Source Files</Filter>
    </ClCompile>
    <ClCompile Include="C:\Proj\PDF4Ax\poppler\poppler\Object.cc">
      <Filter>Source Files</Filter>
    </ClCompile>
    <ClCompile Include="C:\Proj\PDF4Ax\poppler\poppler\OptionalContent.cc">
      <Filter>Source Files</Filter>
    </ClCompile>
    <ClCompile Include="C:\Proj\PDF4Ax\poppler\poppler\Outline.cc">
      <Filter>Source Files</Filter>
    </ClCompile>
    <ClCompile Include="C:\Proj\PDF4Ax\poppler\poppler\OutputDev.cc">
      <Filter>Source Files</Filter>
    </ClCompile>
    <ClCompile Include="C:\Proj\PDF4Ax\poppler\poppler\Page.cc">
      <Filter>Source Files</Filter>
    </ClCompile>
    <ClCompile Include="C:\Proj\PDF4Ax\poppler\poppler\PageLabelInfo.cc">
      <Filter>Source Files</Filter>
    </ClCompile>
    <ClCompile Include="C:\Proj\PDF4Ax\poppler\poppler\PageTransition.cc">
      <Filter>Source Files</Filter>
    </ClCompile>
    <ClCompile Include="C:\Proj\PDF4Ax\poppler\poppler\Parser.cc">
      <Filter>Source Files</Filter>
    </ClCompile>
    <ClCompile Include="C:\Proj\PDF4Ax\poppler\poppler\PDFDoc.cc">
      <Filter>Source Files</Filter>
    </ClCompile>
    <ClCompile Include="C:\Proj\PDF4Ax\poppler\poppler\PDFDocEncoding.cc">
      <Filter>Source Files</Filter>
    </ClCompile>
    <ClCompile Include="C:\Proj\PDF4Ax\poppler\poppler\PDFDocFactory.cc">
      <Filter>Source Files</Filter>
    </ClCompile>
    <ClCompile Include="C:\Proj\PDF4Ax\poppler\goo\PNGWriter.cc">
      <Filter>Source Files</Filter>
    </ClCompile>
    <ClCompile Include="C:\Proj\PDF4Ax\poppler\poppler\PopplerCache.cc">
      <Filter>Source Files</Filter>
    </ClCompile>
    <ClCompile Include="C:\Proj\PDF4Ax\poppler\poppler\PreScanOutputDev.cc">
      <Filter>Source Files</Filter>
    </ClCompile>
    <ClCompile Include="C:\Proj\PDF4Ax\poppler\poppler\ProfileData.cc">
      <Filter>Source Files</Filter>
    </ClCompile>
    <ClCompile Include="C:\Proj\PDF4Ax\poppler\poppler\PSOutputDev.cc">
      <Filter>Source Files</Filter>
    </ClCompile>
    <ClCompile Include="C:\Proj\PDF4Ax\poppler\poppler\PSTokenizer.cc">
      <Filter>Source Files</Filter>
    </ClCompile>
    <ClCompile Include="C:\Proj\PDF4Ax\poppler\poppler\Rendition.cc">
      <Filter>Source Files</Filter>
    </ClCompile>
    <ClCompile Include="C:\Proj\PDF4Ax\poppler\poppler\SecurityHandler.cc">
      <Filter>Source Files</Filter>
    </ClCompile>
    <ClCompile Include="C:\Proj\PDF4Ax\poppler\poppler\Sound.cc">
      <Filter>Source Files</Filter>
    </ClCompile>
    <ClCompile Include="C:\Proj\PDF4Ax\poppler\splash\Splash.cc">
      <Filter>Source Files</Filter>
    </ClCompile>
    <ClCompile Include="C:\Proj\PDF4Ax\poppler\splash\SplashBitmap.cc">
      <Filter>Source Files</Filter>
    </ClCompile>
    <ClCompile Include="C:\Proj\PDF4Ax\poppler\splash\SplashClip.cc">
      <Filter>Source Files</Filter>
    </ClCompile>
    <ClCompile Include="C:\Proj\PDF4Ax\poppler\splash\SplashFont.cc">
      <Filter>Source Files</Filter>
    </ClCompile>
    <ClCompile Include="C:\Proj\PDF4Ax\poppler\splash\SplashFontEngine.cc">
      <Filter>Source Files</Filter>
    </ClCompile>
    <ClCompile Include="C:\Proj\PDF4Ax\poppler\splash\SplashFontFile.cc">
      <Filter>Source Files</Filter>
    </ClCompile>
    <ClCompile Include="C:\Proj\PDF4Ax\poppler\splash\SplashFontFileID.cc">
      <Filter>Source Files</Filter>
    </ClCompile>
    <ClCompile Include="C:\Proj\PDF4Ax\poppler\splash\SplashFTFont.cc">
      <Filter>Source Files</Filter>
    </ClCompile>
    <ClCompile Include="C:\Proj\PDF4Ax\poppler\splash\SplashFTFontEngine.cc">
      <Filter>Source Files</Filter>
    </ClCompile>
    <ClCompile Include="C:\Proj\PDF4Ax\poppler\splash\SplashFTFontFile.cc">
      <Filter>Source Files</Filter>
    </ClCompile>
    <ClCompile Include="C:\Proj\PDF4Ax\poppler\poppler\SplashOutputDev.cc">
      <Filter>Source Files</Filter>
    </ClCompile>
    <ClCompile Include="C:\Proj\PDF4Ax\poppler\splash\SplashPath.cc">
      <Filter>Source Files</Filter>
    </ClCompile>
    <ClCompile Include="C:\Proj\PDF4Ax\poppler\splash\SplashPattern.cc">
      <Filter>Source Files</Filter>
    </ClCompile>
    <ClCompile Include="C:\Proj\PDF4Ax\poppler\splash\SplashScreen.cc">
      <Filter>Source Files</Filter>
    </ClCompile>
    <ClCompile Include="C:\Proj\PDF4Ax\poppler\splash\SplashState.cc">
      <Filter>Source Files</Filter>
    </ClCompile>
    <ClCompile Include="C:\Proj\PDF4Ax\poppler\splash\SplashT1Font.cc">
      <Filter>Source Files</Filter>
    </ClCompile>
    <ClCompile Include="C:\Proj\PDF4Ax\poppler\splash\SplashT1FontEngine.cc">
      <Filter>Source Files</Filter>
    </ClCompile>
    <ClCompile Include="C:\Proj\PDF4Ax\poppler\splash\SplashT1FontFile.cc">
      <Filter>Source Files</Filter>
    </ClCompile>
    <ClCompile Include="C:\Proj\PDF4Ax\poppler\splash\SplashXPath.cc">
      <Filter>Source Files</Filter>
    </ClCompile>
    <ClCompile Include="C:\Proj\PDF4Ax\poppler\splash\SplashXPathScanner.cc">
      <Filter>Source Files</Filter>
    </ClCompile>
    <ClCompile Include="C:\Proj\PDF4Ax\poppler\poppler\StdinCachedFile.cc">
      <Filter>Source Files</Filter>
    </ClCompile>
    <ClCompile Include="C:\Proj\PDF4Ax\poppler\poppler\StdinPDFDocBuilder.cc">
      <Filter>Source Files</Filter>
    </ClCompile>
    <ClCompile Include="C:\Proj\PDF4Ax\poppler\poppler\Stream.cc">
      <Filter>Source Files</Filter>
    </ClCompile>
    <ClCompile Include="C:\Proj\PDF4Ax\poppler\poppler\strtok_r.cpp">
      <Filter>Source Files</Filter>
    </ClCompile>
    <ClCompile Include="C:\Proj\PDF4Ax\poppler\poppler\TextOutputDev.cc">
      <Filter>Source Files</Filter>
    </ClCompile>
    <ClCompile Include="C:\Proj\PDF4Ax\poppler\goo\TiffWriter.cc">
      <Filter>Source Files</Filter>
    </ClCompile>
    <ClCompile Include="C:\Proj\PDF4Ax\poppler\poppler\UnicodeMap.cc">
      <Filter>Source Files</Filter>
    </ClCompile>
    <ClCompile Include="C:\Proj\PDF4Ax\poppler\poppler\UnicodeTypeTable.cc">
      <Filter>Source Files</Filter>
    </ClCompile>
    <ClCompile Include="C:\Proj\PDF4Ax\poppler\poppler\ViewerPreferences.cc">
      <Filter>Source Files</Filter>
    </ClCompile>
    <ClCompile Include="C:\Proj\PDF4Ax\poppler\poppler\XpdfPluginAPI.cc">
      <Filter>Source Files</Filter>
    </ClCompile>
    <ClCompile Include="C:\Proj\PDF4Ax\poppler\poppler\XRef.cc">
      <Filter>Source Files</Filter>
    </ClCompile>
  </ItemGroup>
</Project>